// !$*UTF8*$!
{
	archiveVersion = 1;
	classes = {
	};
	objectVersion = 46;
	objects = {

/* Begin PBXBuildFile section */
		BBAF16BC1D3CEC9200E8BAC0 /* AppDelegate.swift in Sources */ = {isa = PBXBuildFile; fileRef = BBAF16BB1D3CEC9200E8BAC0 /* AppDelegate.swift */; };
		BBAF16BE1D3CEC9200E8BAC0 /* ViewController.swift in Sources */ = {isa = PBXBuildFile; fileRef = BBAF16BD1D3CEC9200E8BAC0 /* ViewController.swift */; };
		BBAF16C11D3CEC9200E8BAC0 /* Main.storyboard in Resources */ = {isa = PBXBuildFile; fileRef = BBAF16BF1D3CEC9200E8BAC0 /* Main.storyboard */; };
		BBAF16C31D3CEC9200E8BAC0 /* Assets.xcassets in Resources */ = {isa = PBXBuildFile; fileRef = BBAF16C21D3CEC9200E8BAC0 /* Assets.xcassets */; };
		BBAF16C61D3CEC9200E8BAC0 /* LaunchScreen.storyboard in Resources */ = {isa = PBXBuildFile; fileRef = BBAF16C41D3CEC9200E8BAC0 /* LaunchScreen.storyboard */; };
/* End PBXBuildFile section */

/* Begin PBXFileReference section */
		BBAF16B81D3CEC9200E8BAC0 /* MultipleImageViews.app */ = {isa = PBXFileReference; explicitFileType = wrapper.application; includeInIndex = 0; path = MultipleImageViews.app; sourceTree = BUILT_PRODUCTS_DIR; };
		BBAF16BB1D3CEC9200E8BAC0 /* AppDelegate.swift */ = {isa = PBXFileReference; lastKnownFileType = sourcecode.swift; path = AppDelegate.swift; sourceTree = "<group>"; };
		BBAF16BD1D3CEC9200E8BAC0 /* ViewController.swift */ = {isa = PBXFileReference; lastKnownFileType = sourcecode.swift; path = ViewController.swift; sourceTree = "<group>"; };
		BBAF16C01D3CEC9200E8BAC0 /* Base */ = {isa = PBXFileReference; lastKnownFileType = file.storyboard; name = Base; path = Base.lproj/Main.storyboard; sourceTree = "<group>"; };
		BBAF16C21D3CEC9200E8BAC0 /* Assets.xcassets */ = {isa = PBXFileReference; lastKnownFileType = folder.assetcatalog; path = Assets.xcassets; sourceTree = "<group>"; };
		BBAF16C51D3CEC9200E8BAC0 /* Base */ = {isa = PBXFileReference; lastKnownFileType = file.storyboard; name = Base; path = Base.lproj/LaunchScreen.storyboard; sourceTree = "<group>"; };
		BBAF16C71D3CEC9200E8BAC0 /* Info.plist */ = {isa = PBXFileReference; lastKnownFileType = text.plist.xml; path = Info.plist; sourceTree = "<group>"; };
/* End PBXFileReference section */

/* Begin PBXFrameworksBuildPhase section */
		BBAF16B51D3CEC9200E8BAC0 /* Frameworks */ = {
			isa = PBXFrameworksBuildPhase;
			buildActionMask = 2147483647;
			files = (
			);
			runOnlyForDeploymentPostprocessing = 0;
		};
/* End PBXFrameworksBuildPhase section */

/* Begin PBXGroup section */
		BBAF16AF1D3CEC9200E8BAC0 = {
			isa = PBXGroup;
			children = (
				BBAF16BA1D3CEC9200E8BAC0 /* MultipleImageViews */,
				BBAF16B91D3CEC9200E8BAC0 /* Products */,
			);
			sourceTree = "<group>";
		};
		BBAF16B91D3CEC9200E8BAC0 /* Products */ = {
			isa = PBXGroup;
			children = (
				BBAF16B81D3CEC9200E8BAC0 /* MultipleImageViews.app */,
			);
			name = Products;
			sourceTree = "<group>";
		};
		BBAF16BA1D3CEC9200E8BAC0 /* MultipleImageViews */ = {
			isa = PBXGroup;
			children = (
				BBAF16BB1D3CEC9200E8BAC0 /* AppDelegate.swift */,
				BBAF16BD1D3CEC9200E8BAC0 /* ViewController.swift */,
				BBAF16BF1D3CEC9200E8BAC0 /* Main.storyboard */,
				BBAF16C21D3CEC9200E8BAC0 /* Assets.xcassets */,
				BBAF16C41D3CEC9200E8BAC0 /* LaunchScreen.storyboard */,
				BBAF16C71D3CEC9200E8BAC0 /* Info.plist */,
			);
			path = MultipleImageViews;
			sourceTree = "<group>";
		};
/* End PBXGroup section */

/* Begin PBXNativeTarget section */
		BBAF16B71D3CEC9200E8BAC0 /* MultipleImageViews */ = {
			isa = PBXNativeTarget;
			buildConfigurationList = BBAF16CA1D3CEC9200E8BAC0 /* Build configuration list for PBXNativeTarget "MultipleImageViews" */;
			buildPhases = (
				BBAF16B41D3CEC9200E8BAC0 /* Sources */,
				BBAF16B51D3CEC9200E8BAC0 /* Frameworks */,
				BBAF16B61D3CEC9200E8BAC0 /* Resources */,
			);
			buildRules = (
			);
			dependencies = (
			);
			name = MultipleImageViews;
			productName = MultipleImageViews;
			productReference = BBAF16B81D3CEC9200E8BAC0 /* MultipleImageViews.app */;
			productType = "com.apple.product-type.application";
		};
/* End PBXNativeTarget section */

/* Begin PBXProject section */
		BBAF16B01D3CEC9200E8BAC0 /* Project object */ = {
			isa = PBXProject;
			attributes = {
				LastSwiftUpdateCheck = 0730;
				LastUpgradeCheck = 0730;
				ORGANIZATIONNAME = LambaG;
				TargetAttributes = {
					BBAF16B71D3CEC9200E8BAC0 = {
						CreatedOnToolsVersion = 7.3.1;
					};
				};
			};
			buildConfigurationList = BBAF16B31D3CEC9200E8BAC0 /* Build configuration list for PBXProject "MultipleImageViews" */;
			compatibilityVersion = "Xcode 3.2";
			developmentRegion = English;
			hasScannedForEncodings = 0;
			knownRegions = (
				en,
				Base,
			);
			mainGroup = BBAF16AF1D3CEC9200E8BAC0;
			productRefGroup = BBAF16B91D3CEC9200E8BAC0 /* Products */;
			projectDirPath = "";
			projectRoot = "";
			targets = (
				BBAF16B71D3CEC9200E8BAC0 /* MultipleImageViews */,
			);
		};
/* End PBXProject section */

/* Begin PBXResourcesBuildPhase section */
		BBAF16B61D3CEC9200E8BAC0 /* Resources */ = {
			isa = PBXResourcesBuildPhase;
			buildActionMask = 2147483647;
			files = (
				BBAF16C61D3CEC9200E8BAC0 /* LaunchScreen.storyboard in Resources */,
				BBAF16C31D3CEC9200E8BAC0 /* Assets.xcassets in Resources */,
				BBAF16C11D3CEC9200E8BAC0 /* Main.storyboard in Resources */,
			);
			runOnlyForDeploymentPostprocessing = 0;
		};
/* End PBXResourcesBuildPhase section */

/* Begin PBXSourcesBuildPhase section */
		BBAF16B41D3CEC9200E8BAC0 /* Sources */ = {
			isa = PBXSourcesBuildPhase;
			buildActionMask = 2147483647;
			files = (
				BBAF16BE1D3CEC9200E8BAC0 /* ViewController.swift in Sources */,
				BBAF16BC1D3CEC9200E8BAC0 /* AppDelegate.swift in Sources */,
			);
			runOnlyForDeploymentPostprocessing = 0;
		};
/* End PBXSourcesBuildPhase section */

/* Begin PBXVariantGroup section */
		BBAF16BF1D3CEC9200E8BAC0 /* Main.storyboard */ = {
			isa = PBXVariantGroup;
			children = (
				BBAF16C01D3CEC9200E8BAC0 /* Base */,
			);
			name = Main.storyboard;
			sourceTree = "<group>";
		};
		BBAF16C41D3CEC9200E8BAC0 /* LaunchScreen.storyboard */ = {
			isa = PBXVariantGroup;
			children = (
				BBAF16C51D3CEC9200E8BAC0 /* Base */,
			);
			name = LaunchScreen.storyboard;
			sourceTree = "<group>";
		};
/* End PBXVariantGroup section */

/* Begin XCBuildConfiguration section */
		BBAF16C81D3CEC9200E8BAC0 /* Debug */ = {
			isa = XCBuildConfiguration;
			buildSettings = {
				ALWAYS_SEARCH_USER_PATHS = NO;
				CLANG_ANALYZER_NONNULL = YES;
				CLANG_CXX_LANGUAGE_STANDARD = "gnu++0x";
				CLANG_CXX_LIBRARY = "libc++";
				CLANG_ENABLE_MODULES = YES;
				CLANG_ENABLE_OBJC_ARC = YES;
				CLANG_WARN_BOOL_CONVERSION = YES;
				CLANG_WARN_CONSTANT_CONVERSION = YES;
				CLANG_WARN_DIRECT_OBJC_ISA_USAGE = YES_ERROR;
				CLANG_WARN_EMPTY_BODY = YES;
				CLANG_WARN_ENUM_CONVERSION = YES;
				CLANG_WARN_INT_CONVERSION = YES;
				CLANG_WARN_OBJC_ROOT_CLASS = YES_ERROR;
				CLANG_WARN_UNREACHABLE_CODE = YES;
				CLANG_WARN__DUPLICATE_METHOD_MATCH = YES;
				"CODE_SIGN_IDENTITY[sdk=iphoneos*]" = "iPhone Developer";
				COPY_PHASE_STRIP = NO;
				DEBUG_INFORMATION_FORMAT = dwarf;
				ENABLE_STRICT_OBJC_MSGSEND = YES;
				ENABLE_TESTABILITY = YES;
				GCC_C_LANGUAGE_STANDARD = gnu99;
				GCC_DYNAMIC_NO_PIC = NO;
				GCC_NO_COMMON_BLOCKS = YES;
				GCC_OPTIMIZATION_LEVEL = 0;
				GCC_PREPROCESSOR_DEFINITIONS = (
					"DEBUG=1",
					"$(inherited)",
				);
				GCC_WARN_64_TO_32_BIT_CONVERSION = YES;
				GCC_WARN_ABOUT_RETURN_TYPE = YES_ERROR;
				GCC_WARN_UNDECLARED_SELECTOR = YES;
				GCC_WARN_UNINITIALIZED_AUTOS = YES_AGGRESSIVE;
				GCC_WARN_UNUSED_FUNCTION = YES;
				GCC_WARN_UNUSED_VARIABLE = YES;
				IPHONEOS_DEPLOYMENT_TARGET = 9.3;
				MTL_ENABLE_DEBUG_INFO = YES;
				ONLY_ACTIVE_ARCH = YES;
				SDKROOT = iphoneos;
				SWIFT_OPTIMIZATION_LEVEL = "-Onone";
				TARGETED_DEVICE_FAMILY = "1,2";
			};
			name = Debug;
		};
		BBAF16C91D3CEC9200E8BAC0 /* Release */ = {
			isa = XCBuildConfiguration;
			buildSettings = {
				ALWAYS_SEARCH_USER_PATHS = NO;
				CLANG_ANALYZER_NONNULL = YES;
				CLANG_CXX_LANGUAGE_STANDARD = "gnu++0x";
				CLANG_CXX_LIBRARY = "libc++";
				CLANG_ENABLE_MODULES = YES;
				CLANG_ENABLE_OBJC_ARC = YES;
				CLANG_WARN_BOOL_CONVERSION = YES;
				CLANG_WARN_CONSTANT_CONVERSION = YES;
				CLANG_WARN_DIRECT_OBJC_ISA_USAGE = YES_ERROR;
				CLANG_WARN_EMPTY_BODY = YES;
				CLANG_WARN_ENUM_CONVERSION = YES;
				CLANG_WARN_INT_CONVERSION = YES;
				CLANG_WARN_OBJC_ROOT_CLASS = YES_ERROR;
				CLANG_WARN_UNREACHABLE_CODE = YES;
				CLANG_WARN__DUPLICATE_METHOD_MATCH = YES;
				"CODE_SIGN_IDENTITY[sdk=iphoneos*]" = "iPhone Developer";
				COPY_PHASE_STRIP = NO;
				DEBUG_INFORMATION_FORMAT = "dwarf-with-dsym";
				ENABLE_NS_ASSERTIONS = NO;
				ENABLE_STRICT_OBJC_MSGSEND = YES;
				GCC_C_LANGUAGE_STANDARD = gnu99;
				GCC_NO_COMMON_BLOCKS = YES;
				GCC_WARN_64_TO_32_BIT_CONVERSION = YES;
				GCC_WARN_ABOUT_RETURN_TYPE = YES_ERROR;
				GCC_WARN_UNDECLARED_SELECTOR = YES;
				GCC_WARN_UNINITIALIZED_AUTOS = YES_AGGRESSIVE;
				GCC_WARN_UNUSED_FUNCTION = YES;
				GCC_WARN_UNUSED_VARIABLE = YES;
				IPHONEOS_DEPLOYMENT_TARGET = 9.3;
				MTL_ENABLE_DEBUG_INFO = NO;
				SDKROOT = iphoneos;
				TARGETED_DEVICE_FAMILY = "1,2";
				VALIDATE_PRODUCT = YES;
			};
			name = Release;
		};
		BBAF16CB1D3CEC9200E8BAC0 /* Debug */ = {
			isa = XCBuildConfiguration;
			buildSettings = {
				ASSETCATALOG_COMPILER_APPICON_NAME = AppIcon;
				INFOPLIST_FILE = MultipleImageViews/Info.plist;
				LD_RUNPATH_SEARCH_PATHS = "$(inherited) @executable_path/Frameworks";
				PRODUCT_BUNDLE_IDENTIFIER = com.lambag.MultipleImageViews;
				PRODUCT_NAME = "$(TARGET_NAME)";
			};
			name = Debug;
		};
		BBAF16CC1D3CEC9200E8BAC0 /* Release */ = {
			isa = XCBuildConfiguration;
			buildSettings = {
				ASSETCATALOG_COMPILER_APPICON_NAME = AppIcon;
				INFOPLIST_FILE = MultipleImageViews/Info.plist;
				LD_RUNPATH_SEARCH_PATHS = "$(inherited) @executable_path/Frameworks";
				PRODUCT_BUNDLE_IDENTIFIER = com.lambag.MultipleImageViews;
				PRODUCT_NAME = "$(TARGET_NAME)";
			};
			name = Release;
		};
/* End XCBuildConfiguration section */

/* Begin XCConfigurationList section */
		BBAF16B31D3CEC9200E8BAC0 /* Build configuration list for PBXProject "MultipleImageViews" */ = {
			isa = XCConfigurationList;
			buildConfigurations = (
				BBAF16C81D3CEC9200E8BAC0 /* Debug */,
				BBAF16C91D3CEC9200E8BAC0 /* Release */,
			);
			defaultConfigurationIsVisible = 0;
			defaultConfigurationName = Release;
		};
		BBAF16CA1D3CEC9200E8BAC0 /* Build configuration list for PBXNativeTarget "MultipleImageViews" */ = {
			isa = XCConfigurationList;
			buildConfigurations = (
				BBAF16CB1D3CEC9200E8BAC0 /* Debug */,
				BBAF16CC1D3CEC9200E8BAC0 /* Release */,
			);
			defaultConfigurationIsVisible = 0;
		};
/* End XCConfigurationList section */
	};
	rootObject = BBAF16B01D3CEC9200E8BAC0 /* Project object */;
}
